
Microsoft Visual Studio Solution File, Format Version 12.00
# Visual Studio Version 17
VisualStudioVersion = 17.6.33815.320
MinimumVisualStudioVersion = 10.0.40219.1
Project("{FAE04EC0-301F-11D3-BF4B-00C04F79EFBC}") = "API", "API\API.csproj", "{BD6F368B-37D9-4C0F-A3D4-ED20C8B6C9F4}"
EndProject
Project("{FAE04EC0-301F-11D3-BF4B-00C04F79EFBC}") = "WEB", "WEB\WEB.csproj", "{DB079DF0-BD91-4D13-BBCC-16080A9DCBE1}"
EndProject
Global
	GlobalSection(SolutionConfigurationPlatforms) = preSolution
		Debug|Any CPU = Debug|Any CPU
		Release|Any CPU = Release|Any CPU
	EndGlobalSection
	GlobalSection(ProjectConfigurationPlatforms) = postSolution
		{BD6F368B-37D9-4C0F-A3D4-ED20C8B6C9F4}.Debug|Any CPU.ActiveCfg = Debug|Any CPU
		{BD6F368B-37D9-4C0F-A3D4-ED20C8B6C9F4}.Debug|Any CPU.Build.0 = Debug|Any CPU
		{BD6F368B-37D9-4C0F-A3D4-ED20C8B6C9F4}.Release|Any CPU.ActiveCfg = Release|Any CPU
		{BD6F368B-37D9-4C0F-A3D4-ED20C8B6C9F4}.Release|Any CPU.Build.0 = Release|Any CPU
		{DB079DF0-BD91-4D13-BBCC-16080A9DCBE1}.Debug|Any CPU.ActiveCfg = Debug|Any CPU
		{DB079DF0-BD91-4D13-BBCC-16080A9DCBE1}.Debug|Any CPU.Build.0 = Debug|Any CPU
		{DB079DF0-BD91-4D13-BBCC-16080A9DCBE1}.Release|Any CPU.ActiveCfg = Release|Any CPU
		{DB079DF0-BD91-4D13-BBCC-16080A9DCBE1}.Release|Any CPU.Build.0 = Release|Any CPU
	EndGlobalSection
	GlobalSection(SolutionProperties) = preSolution
		HideSolutionNode = FALSE
	EndGlobalSection
	GlobalSection(ExtensibilityGlobals) = postSolution
		SolutionGuid = {115548FC-2172-420F-A375-2F8F1C0003D0}
	EndGlobalSection
EndGlobal
